
Microsoft Visual Studio Solution File, Format Version 12.00
Project("{FAE04EC0-301F-11D3-BF4B-00C04F79EFBC}") = "KSIS_1", "KSIS_1\KSIS_1.csproj", "{13D621BC-8080-4385-B3C6-9B14A6A3E4DD}"
EndProject
Global
	GlobalSection(SolutionConfigurationPlatforms) = preSolution
		Debug|Any CPU = Debug|Any CPU
		Release|Any CPU = Release|Any CPU
	EndGlobalSection
	GlobalSection(ProjectConfigurationPlatforms) = postSolution
		{13D621BC-8080-4385-B3C6-9B14A6A3E4DD}.Debug|Any CPU.ActiveCfg = Debug|Any CPU
		{13D621BC-8080-4385-B3C6-9B14A6A3E4DD}.Debug|Any CPU.Build.0 = Debug|Any CPU
		{13D621BC-8080-4385-B3C6-9B14A6A3E4DD}.Release|Any CPU.ActiveCfg = Release|Any CPU
		{13D621BC-8080-4385-B3C6-9B14A6A3E4DD}.Release|Any CPU.Build.0 = Release|Any CPU
	EndGlobalSection
EndGlobal
