
Microsoft Visual Studio Solution File, Format Version 12.00
Project("{FAE04EC0-301F-11D3-BF4B-00C04F79EFBC}") = "TI_2", "TI_2\TI_2.csproj", "{9604D91A-37C1-4B49-911C-41CC2B5CE6E0}"
EndProject
Global
	GlobalSection(SolutionConfigurationPlatforms) = preSolution
		Debug|Any CPU = Debug|Any CPU
		Release|Any CPU = Release|Any CPU
	EndGlobalSection
	GlobalSection(ProjectConfigurationPlatforms) = postSolution
		{9604D91A-37C1-4B49-911C-41CC2B5CE6E0}.Debug|Any CPU.ActiveCfg = Debug|Any CPU
		{9604D91A-37C1-4B49-911C-41CC2B5CE6E0}.Debug|Any CPU.Build.0 = Debug|Any CPU
		{9604D91A-37C1-4B49-911C-41CC2B5CE6E0}.Release|Any CPU.ActiveCfg = Release|Any CPU
		{9604D91A-37C1-4B49-911C-41CC2B5CE6E0}.Release|Any CPU.Build.0 = Release|Any CPU
	EndGlobalSection
EndGlobal
