
Microsoft Visual Studio Solution File, Format Version 12.00
# Visual Studio Version 17
VisualStudioVersion = 17.3.32825.248
MinimumVisualStudioVersion = 10.0.40219.1
Project("{8BC9CEB8-8B4A-11D0-8D11-00A0C91BC942}") = "LabThirdBlockFirst", "LabThirdBlockFirst\LabThirdBlockFirst.vcxproj", "{CB0DF665-8DA6-4594-8C22-2A2AE8DE7EED}"
EndProject
Global
	GlobalSection(SolutionConfigurationPlatforms) = preSolution
		Debug|x64 = Debug|x64
		Debug|x86 = Debug|x86
		Release|x64 = Release|x64
		Release|x86 = Release|x86
	EndGlobalSection
	GlobalSection(ProjectConfigurationPlatforms) = postSolution
		{CB0DF665-8DA6-4594-8C22-2A2AE8DE7EED}.Debug|x64.ActiveCfg = Debug|x64
		{CB0DF665-8DA6-4594-8C22-2A2AE8DE7EED}.Debug|x64.Build.0 = Debug|x64
		{CB0DF665-8DA6-4594-8C22-2A2AE8DE7EED}.Debug|x86.ActiveCfg = Debug|Win32
		{CB0DF665-8DA6-4594-8C22-2A2AE8DE7EED}.Debug|x86.Build.0 = Debug|Win32
		{CB0DF665-8DA6-4594-8C22-2A2AE8DE7EED}.Release|x64.ActiveCfg = Release|x64
		{CB0DF665-8DA6-4594-8C22-2A2AE8DE7EED}.Release|x64.Build.0 = Release|x64
		{CB0DF665-8DA6-4594-8C22-2A2AE8DE7EED}.Release|x86.ActiveCfg = Release|Win32
		{CB0DF665-8DA6-4594-8C22-2A2AE8DE7EED}.Release|x86.Build.0 = Release|Win32
	EndGlobalSection
	GlobalSection(SolutionProperties) = preSolution
		HideSolutionNode = FALSE
	EndGlobalSection
	GlobalSection(ExtensibilityGlobals) = postSolution
		SolutionGuid = {EF7E5DF6-FB33-49C0-AFF3-9758FC4B5624}
	EndGlobalSection
EndGlobal
