
Microsoft Visual Studio Solution File, Format Version 12.00
Project("{FAE04EC0-301F-11D3-BF4B-00C04F79EFBC}") = "Server", "Server\Server.csproj", "{FA5371F2-DD79-47AE-BAC3-09B3AF54CA50}"
EndProject
Project("{FAE04EC0-301F-11D3-BF4B-00C04F79EFBC}") = "Client", "Client\Client.csproj", "{14009AFD-5DA3-4DB8-BB58-2809356C4FED}"
EndProject
Global
	GlobalSection(SolutionConfigurationPlatforms) = preSolution
		Debug|Any CPU = Debug|Any CPU
		Release|Any CPU = Release|Any CPU
	EndGlobalSection
	GlobalSection(ProjectConfigurationPlatforms) = postSolution
		{FA5371F2-DD79-47AE-BAC3-09B3AF54CA50}.Debug|Any CPU.ActiveCfg = Debug|Any CPU
		{FA5371F2-DD79-47AE-BAC3-09B3AF54CA50}.Debug|Any CPU.Build.0 = Debug|Any CPU
		{FA5371F2-DD79-47AE-BAC3-09B3AF54CA50}.Release|Any CPU.ActiveCfg = Release|Any CPU
		{FA5371F2-DD79-47AE-BAC3-09B3AF54CA50}.Release|Any CPU.Build.0 = Release|Any CPU
		{14009AFD-5DA3-4DB8-BB58-2809356C4FED}.Debug|Any CPU.ActiveCfg = Debug|Any CPU
		{14009AFD-5DA3-4DB8-BB58-2809356C4FED}.Debug|Any CPU.Build.0 = Debug|Any CPU
		{14009AFD-5DA3-4DB8-BB58-2809356C4FED}.Release|Any CPU.ActiveCfg = Release|Any CPU
		{14009AFD-5DA3-4DB8-BB58-2809356C4FED}.Release|Any CPU.Build.0 = Release|Any CPU
	EndGlobalSection
EndGlobal
