
Microsoft Visual Studio Solution File, Format Version 12.00
Project("{FAE04EC0-301F-11D3-BF4B-00C04F79EFBC}") = "DirectoryScanner.UI", "DirectoryScanner.UI\DirectoryScanner.UI.csproj", "{853D95F1-79D6-42BF-B76A-F0249E4E5C26}"
EndProject
Project("{FAE04EC0-301F-11D3-BF4B-00C04F79EFBC}") = "DirectoryScanner.Core", "DirectoryScanner.Core\DirectoryScanner.Core.csproj", "{FC6FE36A-2C09-40A4-98E1-DCC3F10D4447}"
EndProject
Project("{FAE04EC0-301F-11D3-BF4B-00C04F79EFBC}") = "DirectoryScanner.Core.Tests", "DirectoryScanner.Core.Tests\DirectoryScanner.Core.Tests.csproj", "{AC1E2EE6-B3C4-4099-9CD9-9FCB8B4CAC4A}"
EndProject
Global
	GlobalSection(SolutionConfigurationPlatforms) = preSolution
		Debug|Any CPU = Debug|Any CPU
		Release|Any CPU = Release|Any CPU
	EndGlobalSection
	GlobalSection(ProjectConfigurationPlatforms) = postSolution
		{853D95F1-79D6-42BF-B76A-F0249E4E5C26}.Debug|Any CPU.ActiveCfg = Debug|Any CPU
		{853D95F1-79D6-42BF-B76A-F0249E4E5C26}.Debug|Any CPU.Build.0 = Debug|Any CPU
		{853D95F1-79D6-42BF-B76A-F0249E4E5C26}.Release|Any CPU.ActiveCfg = Release|Any CPU
		{853D95F1-79D6-42BF-B76A-F0249E4E5C26}.Release|Any CPU.Build.0 = Release|Any CPU
		{FC6FE36A-2C09-40A4-98E1-DCC3F10D4447}.Debug|Any CPU.ActiveCfg = Debug|Any CPU
		{FC6FE36A-2C09-40A4-98E1-DCC3F10D4447}.Debug|Any CPU.Build.0 = Debug|Any CPU
		{FC6FE36A-2C09-40A4-98E1-DCC3F10D4447}.Release|Any CPU.ActiveCfg = Release|Any CPU
		{FC6FE36A-2C09-40A4-98E1-DCC3F10D4447}.Release|Any CPU.Build.0 = Release|Any CPU
		{AC1E2EE6-B3C4-4099-9CD9-9FCB8B4CAC4A}.Debug|Any CPU.ActiveCfg = Debug|Any CPU
		{AC1E2EE6-B3C4-4099-9CD9-9FCB8B4CAC4A}.Debug|Any CPU.Build.0 = Debug|Any CPU
		{AC1E2EE6-B3C4-4099-9CD9-9FCB8B4CAC4A}.Release|Any CPU.ActiveCfg = Release|Any CPU
		{AC1E2EE6-B3C4-4099-9CD9-9FCB8B4CAC4A}.Release|Any CPU.Build.0 = Release|Any CPU
	EndGlobalSection
EndGlobal
