
Microsoft Visual Studio Solution File, Format Version 12.00
Project("{FAE04EC0-301F-11D3-BF4B-00C04F79EFBC}") = "Server", "Server\Server.csproj", "{68F0281D-3EA3-4E73-936E-FEF28CD298E8}"
EndProject
Project("{FAE04EC0-301F-11D3-BF4B-00C04F79EFBC}") = "Client", "Client\Client.csproj", "{151BC96B-0E99-4DCA-966E-8BA4FC3F66F5}"
EndProject
Global
	GlobalSection(SolutionConfigurationPlatforms) = preSolution
		Debug|Any CPU = Debug|Any CPU
		Release|Any CPU = Release|Any CPU
	EndGlobalSection
	GlobalSection(ProjectConfigurationPlatforms) = postSolution
		{68F0281D-3EA3-4E73-936E-FEF28CD298E8}.Debug|Any CPU.ActiveCfg = Debug|Any CPU
		{68F0281D-3EA3-4E73-936E-FEF28CD298E8}.Debug|Any CPU.Build.0 = Debug|Any CPU
		{68F0281D-3EA3-4E73-936E-FEF28CD298E8}.Release|Any CPU.ActiveCfg = Release|Any CPU
		{68F0281D-3EA3-4E73-936E-FEF28CD298E8}.Release|Any CPU.Build.0 = Release|Any CPU
		{151BC96B-0E99-4DCA-966E-8BA4FC3F66F5}.Debug|Any CPU.ActiveCfg = Debug|Any CPU
		{151BC96B-0E99-4DCA-966E-8BA4FC3F66F5}.Debug|Any CPU.Build.0 = Debug|Any CPU
		{151BC96B-0E99-4DCA-966E-8BA4FC3F66F5}.Release|Any CPU.ActiveCfg = Release|Any CPU
		{151BC96B-0E99-4DCA-966E-8BA4FC3F66F5}.Release|Any CPU.Build.0 = Release|Any CPU
	EndGlobalSection
EndGlobal
