
Microsoft Visual Studio Solution File, Format Version 12.00
Project("{FAE04EC0-301F-11D3-BF4B-00C04F79EFBC}") = "Memory", "Memory\Memory.csproj", "{AF800C09-81C8-42EF-88AA-D54809490A6A}"
EndProject
Global
	GlobalSection(SolutionConfigurationPlatforms) = preSolution
		Debug|Any CPU = Debug|Any CPU
		Release|Any CPU = Release|Any CPU
	EndGlobalSection
	GlobalSection(ProjectConfigurationPlatforms) = postSolution
		{AF800C09-81C8-42EF-88AA-D54809490A6A}.Debug|Any CPU.ActiveCfg = Debug|Any CPU
		{AF800C09-81C8-42EF-88AA-D54809490A6A}.Debug|Any CPU.Build.0 = Debug|Any CPU
		{AF800C09-81C8-42EF-88AA-D54809490A6A}.Release|Any CPU.ActiveCfg = Release|Any CPU
		{AF800C09-81C8-42EF-88AA-D54809490A6A}.Release|Any CPU.Build.0 = Release|Any CPU
	EndGlobalSection
EndGlobal
